
Microsoft Visual Studio Solution File, Format Version 12.00
# Visual Studio Version 17
VisualStudioVersion = 17.5.33516.290
MinimumVisualStudioVersion = 10.0.40219.1
Project("{FAE04EC0-301F-11D3-BF4B-00C04F79EFBC}") = "ClinicSystemTest", "ClinicSystemTest\ClinicSystemTest.csproj", "{9E7D92DE-E6CD-408D-A29B-CCCB93D9CC70}"
EndProject
Global
	GlobalSection(SolutionConfigurationPlatforms) = preSolution
		Debug|Any CPU = Debug|Any CPU
		Release|Any CPU = Release|Any CPU
	EndGlobalSection
	GlobalSection(ProjectConfigurationPlatforms) = postSolution
		{9E7D92DE-E6CD-408D-A29B-CCCB93D9CC70}.Debug|Any CPU.ActiveCfg = Debug|Any CPU
		{9E7D92DE-E6CD-408D-A29B-CCCB93D9CC70}.Debug|Any CPU.Build.0 = Debug|Any CPU
		{9E7D92DE-E6CD-408D-A29B-CCCB93D9CC70}.Release|Any CPU.ActiveCfg = Release|Any CPU
		{9E7D92DE-E6CD-408D-A29B-CCCB93D9CC70}.Release|Any CPU.Build.0 = Release|Any CPU
	EndGlobalSection
	GlobalSection(SolutionProperties) = preSolution
		HideSolutionNode = FALSE
	EndGlobalSection
	GlobalSection(ExtensibilityGlobals) = postSolution
		SolutionGuid = {92D863BB-5DCB-4047-A677-34C82238A5B9}
	EndGlobalSection
EndGlobal
